// !$*UTF8*$!
{
	archiveVersion = 1;
	classes = {
	};
	objectVersion = 77;
	objects = {

/* Begin PBXBuildFile section */
		AA000001AA000001AA000003 /* FlexColorPicker in Frameworks */ = {isa = PBXBuildFile; productRef = AA000001AA000001AA000002 /* FlexColorPicker */; };
/* End PBXBuildFile section */

/* Begin PBXContainerItemProxy section */
		EE8A50FB2F4E3C6700B70EF9 /* PBXContainerItemProxy */ = {
			isa = PBXContainerItemProxy;
			containerPortal = EE8A50E32F4E3C6600B70EF9 /* Project object */;
			proxyType = 1;
			remoteGlobalIDString = EE8A50EA2F4E3C6600B70EF9;
			remoteInfo = SleepLight;
		};
		EE8A51052F4E3C6700B70EF9 /* PBXContainerItemProxy */ = {
			isa = PBXContainerItemProxy;
			containerPortal = EE8A50E32F4E3C6600B70EF9 /* Project object */;
			proxyType = 1;
			remoteGlobalIDString = EE8A50EA2F4E3C6600B70EF9;
			remoteInfo = SleepLight;
		};
/* End PBXContainerItemProxy section */

/* Begin PBXFileReference section */
		EE8A50EB2F4E3C6600B70EF9 /* SleepLight.app */ = {isa = PBXFileReference; explicitFileType = wrapper.application; includeInIndex = 0; path = SleepLight.app; sourceTree = BUILT_PRODUCTS_DIR; };
		EE8A50FA2F4E3C6700B70EF9 /* SleepLightTests.xctest */ = {isa = PBXFileReference; explicitFileType = wrapper.cfbundle; includeInIndex = 0; path = SleepLightTests.xctest; sourceTree = BUILT_PRODUCTS_DIR; };
		EE8A51042F4E3C6700B70EF9 /* SleepLightUITests.xctest */ = {isa = PBXFileReference; explicitFileType = wrapper.cfbundle; includeInIndex = 0; path = SleepLightUITests.xctest; sourceTree = BUILT_PRODUCTS_DIR; };
/* End PBXFileReference section */

/* Begin PBXFileSystemSynchronizedRootGroup section */
		EE8A50ED2F4E3C6600B70EF9 /* SleepLight */ = {
			isa = PBXFileSystemSynchronizedRootGroup;
			path = SleepLight;
			sourceTree = "<group>";
		};
		EE8A50FD2F4E3C6700B70EF9 /* SleepLightTests */ = {
			isa = PBXFileSystemSynchronizedRootGroup;
			path = SleepLightTests;
			sourceTree = "<group>";
		};
		EE8A51072F4E3C6700B70EF9 /* SleepLightUITests */ = {
			isa = PBXFileSystemSynchronizedRootGroup;
			path = SleepLightUITests;
			sourceTree = "<group>";
		};
/* End PBXFileSystemSynchronizedRootGroup section */

/* Begin PBXFrameworksBuildPhase section */
		EE8A50E82F4E3C6600B70EF9 /* Frameworks */ = {
			isa = PBXFrameworksBuildPhase;
			buildActionMask = 2147483647;
			files = (
				AA000001AA000001AA000003 /* FlexColorPicker in Frameworks */,
			);
			runOnlyForDeploymentPostprocessing = 0;
		};
		EE8A50F72F4E3C6700B70EF9 /* Frameworks */ = {
			isa = PBXFrameworksBuildPhase;
			buildActionMask = 2147483647;
			files = (
			);
			runOnlyForDeploymentPostprocessing = 0;
		};
		EE8A51012F4E3C6700B70EF9 /* Frameworks */ = {
			isa = PBXFrameworksBuildPhase;
			buildActionMask = 2147483647;
			files = (
			);
			runOnlyForDeploymentPostprocessing = 0;
		};
/* End PBXFrameworksBuildPhase section */

/* Begin PBXGroup section */
		EE8A50E22F4E3C6600B70EF9 = {
			isa = PBXGroup;
			children = (
				EE8A50ED2F4E3C6600B70EF9 /* SleepLight */,
				EE8A50FD2F4E3C6700B70EF9 /* SleepLightTests */,
				EE8A51072F4E3C6700B70EF9 /* SleepLightUITests */,
				EE8A50EC2F4E3C6600B70EF9 /* Products */,
			);
			sourceTree = "<group>";
		};
		EE8A50EC2F4E3C6600B70EF9 /* Products */ = {
			isa = PBXGroup;
			children = (
				EE8A50EB2F4E3C6600B70EF9 /* SleepLight.app */,
				EE8A50FA2F4E3C6700B70EF9 /* SleepLightTests.xctest */,
				EE8A51042F4E3C6700B70EF9 /* SleepLightUITests.xctest */,
			);
			name = Products;
			sourceTree = "<group>";
		};
/* End PBXGroup section */

/* Begin PBXNativeTarget section */
		EE8A50EA2F4E3C6600B70EF9 /* SleepLight */ = {
			isa = PBXNativeTarget;
			buildConfigurationList = EE8A510E2F4E3C6700B70EF9 /* Build configuration list for PBXNativeTarget "SleepLight" */;
			buildPhases = (
				EE8A50E72F4E3C6600B70EF9 /* Sources */,
				EE8A50E82F4E3C6600B70EF9 /* Frameworks */,
				EE8A50E92F4E3C6600B70EF9 /* Resources */,
			);
			buildRules = (
			);
			dependencies = (
			);
			fileSystemSynchronizedGroups = (
				EE8A50ED2F4E3C6600B70EF9 /* SleepLight */,
			);
			name = SleepLight;
			packageProductDependencies = (
				AA000001AA000001AA000002 /* FlexColorPicker */,
			);
			productName = SleepLight;
			productReference = EE8A50EB2F4E3C6600B70EF9 /* SleepLight.app */;
			productType = "com.apple.product-type.application";
		};
		EE8A50F92F4E3C6700B70EF9 /* SleepLightTests */ = {
			isa = PBXNativeTarget;
			buildConfigurationList = EE8A51112F4E3C6700B70EF9 /* Build configuration list for PBXNativeTarget "SleepLightTests" */;
			buildPhases = (
				EE8A50F62F4E3C6700B70EF9 /* Sources */,
				EE8A50F72F4E3C6700B70EF9 /* Frameworks */,
				EE8A50F82F4E3C6700B70EF9 /* Resources */,
			);
			buildRules = (
			);
			dependencies = (
				EE8A50FC2F4E3C6700B70EF9 /* PBXTargetDependency */,
			);
			fileSystemSynchronizedGroups = (
				EE8A50FD2F4E3C6700B70EF9 /* SleepLightTests */,
			);
			name = SleepLightTests;
			packageProductDependencies = (
			);
			productName = SleepLightTests;
			productReference = EE8A50FA2F4E3C6700B70EF9 /* SleepLightTests.xctest */;
			productType = "com.apple.product-type.bundle.unit-test";
		};
		EE8A51032F4E3C6700B70EF9 /* SleepLightUITests */ = {
			isa = PBXNativeTarget;
			buildConfigurationList = EE8A51142F4E3C6700B70EF9 /* Build configuration list for PBXNativeTarget "SleepLightUITests" */;
			buildPhases = (
				EE8A51002F4E3C6700B70EF9 /* Sources */,
				EE8A51012F4E3C6700B70EF9 /* Frameworks */,
				EE8A51022F4E3C6700B70EF9 /* Resources */,
			);
			buildRules = (
			);
			dependencies = (
				EE8A51062F4E3C6700B70EF9 /* PBXTargetDependency */,
			);
			fileSystemSynchronizedGroups = (
				EE8A51072F4E3C6700B70EF9 /* SleepLightUITests */,
			);
			name = SleepLightUITests;
			packageProductDependencies = (
			);
			productName = SleepLightUITests;
			productReference = EE8A51042F4E3C6700B70EF9 /* SleepLightUITests.xctest */;
			productType = "com.apple.product-type.bundle.ui-testing";
		};
/* End PBXNativeTarget section */

/* Begin PBXProject section */
		EE8A50E32F4E3C6600B70EF9 /* Project object */ = {
			isa = PBXProject;
			attributes = {
				BuildIndependentTargetsInParallel = 1;
				LastSwiftUpdateCheck = 2620;
				LastUpgradeCheck = 2620;
				TargetAttributes = {
					EE8A50EA2F4E3C6600B70EF9 = {
						CreatedOnToolsVersion = 26.2;
					};
					EE8A50F92F4E3C6700B70EF9 = {
						CreatedOnToolsVersion = 26.2;
						TestTargetID = EE8A50EA2F4E3C6600B70EF9;
					};
					EE8A51032F4E3C6700B70EF9 = {
						CreatedOnToolsVersion = 26.2;
						TestTargetID = EE8A50EA2F4E3C6600B70EF9;
					};
				};
			};
			buildConfigurationList = EE8A50E62F4E3C6600B70EF9 /* Build configuration list for PBXProject "SleepLight" */;
			developmentRegion = en;
			hasScannedForEncodings = 0;
			knownRegions = (
				en,
				Base,
			);
			mainGroup = EE8A50E22F4E3C6600B70EF9;
			minimizedProjectReferenceProxies = 1;
			packageReferences = (
				AA000001AA000001AA000001 /* XCRemoteSwiftPackageReference "FlexColorPicker" */,
			);
			preferredProjectObjectVersion = 77;
			productRefGroup = EE8A50EC2F4E3C6600B70EF9 /* Products */;
			projectDirPath = "";
			projectRoot = "";
			targets = (
				EE8A50EA2F4E3C6600B70EF9 /* SleepLight */,
				EE8A50F92F4E3C6700B70EF9 /* SleepLightTests */,
				EE8A51032F4E3C6700B70EF9 /* SleepLightUITests */,
			);
		};
/* End PBXProject section */

/* Begin PBXResourcesBuildPhase section */
		EE8A50E92F4E3C6600B70EF9 /* Resources */ = {
			isa = PBXResourcesBuildPhase;
			buildActionMask = 2147483647;
			files = (
			);
			runOnlyForDeploymentPostprocessing = 0;
		};
		EE8A50F82F4E3C6700B70EF9 /* Resources */ = {
			isa = PBXResourcesBuildPhase;
			buildActionMask = 2147483647;
			files = (
			);
			runOnlyForDeploymentPostprocessing = 0;
		};
		EE8A51022F4E3C6700B70EF9 /* Resources */ = {
			isa = PBXResourcesBuildPhase;
			buildActionMask = 2147483647;
			files = (
			);
			runOnlyForDeploymentPostprocessing = 0;
		};
/* End PBXResourcesBuildPhase section */

/* Begin PBXSourcesBuildPhase section */
		EE8A50E72F4E3C6600B70EF9 /* Sources */ = {
			isa = PBXSourcesBuildPhase;
			buildActionMask = 2147483647;
			files = (
			);
			runOnlyForDeploymentPostprocessing = 0;
		};
		EE8A50F62F4E3C6700B70EF9 /* Sources */ = {
			isa = PBXSourcesBuildPhase;
			buildActionMask = 2147483647;
			files = (
			);
			runOnlyForDeploymentPostprocessing = 0;
		};
		EE8A51002F4E3C6700B70EF9 /* Sources */ = {
			isa = PBXSourcesBuildPhase;
			buildActionMask = 2147483647;
			files = (
			);
			runOnlyForDeploymentPostprocessing = 0;
		};
/* End PBXSourcesBuildPhase section */

/* Begin PBXTargetDependency section */
		EE8A50FC2F4E3C6700B70EF9 /* PBXTargetDependency */ = {
			isa = PBXTargetDependency;
			target = EE8A50EA2F4E3C6600B70EF9 /* SleepLight */;
			targetProxy = EE8A50FB2F4E3C6700B70EF9 /* PBXContainerItemProxy */;
		};
		EE8A51062F4E3C6700B70EF9 /* PBXTargetDependency */ = {
			isa = PBXTargetDependency;
			target = EE8A50EA2F4E3C6600B70EF9 /* SleepLight */;
			targetProxy = EE8A51052F4E3C6700B70EF9 /* PBXContainerItemProxy */;
		};
/* End PBXTargetDependency section */

/* Begin XCBuildConfiguration section */
		EE8A510C2F4E3C6700B70EF9 /* Debug */ = {
			isa = XCBuildConfiguration;
			buildSettings = {
				ALWAYS_SEARCH_USER_PATHS = NO;
				ASSETCATALOG_COMPILER_GENERATE_SWIFT_ASSET_SYMBOL_EXTENSIONS = YES;
				CLANG_ANALYZER_NONNULL = YES;
				CLANG_ANALYZER_NUMBER_OBJECT_CONVERSION = YES_AGGRESSIVE;
				CLANG_CXX_LANGUAGE_STANDARD = "gnu++20";
				CLANG_ENABLE_MODULES = YES;
				CLANG_ENABLE_OBJC_ARC = YES;
				CLANG_ENABLE_OBJC_WEAK = YES;
				CLANG_WARN_BLOCK_CAPTURE_AUTORELEASING = YES;
				CLANG_WARN_BOOL_CONVERSION = YES;
				CLANG_WARN_COMMA = YES;
				CLANG_WARN_CONSTANT_CONVERSION = YES;
				CLANG_WARN_DEPRECATED_OBJC_IMPLEMENTATIONS = YES;
				CLANG_WARN_DIRECT_OBJC_ISA_USAGE = YES_ERROR;
				CLANG_WARN_DOCUMENTATION_COMMENTS = YES;
				CLANG_WARN_EMPTY_BODY = YES;
				CLANG_WARN_ENUM_CONVERSION = YES;
				CLANG_WARN_INFINITE_RECURSION = YES;
				CLANG_WARN_INT_CONVERSION = YES;
				CLANG_WARN_NON_LITERAL_NULL_CONVERSION = YES;
				CLANG_WARN_OBJC_IMPLICIT_RETAIN_SELF = YES;
				CLANG_WARN_OBJC_LITERAL_CONVERSION = YES;
				CLANG_WARN_OBJC_ROOT_CLASS = YES_ERROR;
				CLANG_WARN_QUOTED_INCLUDE_IN_FRAMEWORK_HEADER = YES;
				CLANG_WARN_RANGE_LOOP_ANALYSIS = YES;
				CLANG_WARN_STRICT_PROTOTYPES = YES;
				CLANG_WARN_SUSPICIOUS_MOVE = YES;
				CLANG_WARN_UNGUARDED_AVAILABILITY = YES_AGGRESSIVE;
				CLANG_WARN_UNREACHABLE_CODE = YES;
				CLANG_WARN__DUPLICATE_METHOD_MATCH = YES;
				COPY_PHASE_STRIP = NO;
				DEBUG_INFORMATION_FORMAT = dwarf;
				DEVELOPMENT_TEAM = 52VNNZ4G6R;
				ENABLE_STRICT_OBJC_MSGSEND = YES;
				ENABLE_TESTABILITY = YES;
				ENABLE_USER_SCRIPT_SANDBOXING = YES;
				GCC_C_LANGUAGE_STANDARD = gnu17;
				GCC_DYNAMIC_NO_PIC = NO;
				GCC_NO_COMMON_BLOCKS = YES;
				GCC_OPTIMIZATION_LEVEL = 0;
				GCC_PREPROCESSOR_DEFINITIONS = (
					"DEBUG=1",
					"$(inherited)",
				);
				GCC_WARN_64_TO_32_BIT_CONVERSION = YES;
				GCC_WARN_ABOUT_RETURN_TYPE = YES_ERROR;
				GCC_WARN_UNDECLARED_SELECTOR = YES;
				GCC_WARN_UNINITIALIZED_AUTOS = YES_AGGRESSIVE;
				GCC_WARN_UNUSED_FUNCTION = YES;
				GCC_WARN_UNUSED_VARIABLE = YES;
				IPHONEOS_DEPLOYMENT_TARGET = 26.2;
				LOCALIZATION_PREFERS_STRING_CATALOGS = YES;
				MTL_ENABLE_DEBUG_INFO = INCLUDE_SOURCE;
				MTL_FAST_MATH = YES;
				ONLY_ACTIVE_ARCH = YES;
				SDKROOT = iphoneos;
				SWIFT_ACTIVE_COMPILATION_CONDITIONS = "DEBUG $(inherited)";
				SWIFT_OPTIMIZATION_LEVEL = "-Onone";
			};
			name = Debug;
		};
		EE8A510D2F4E3C6700B70EF9 /* Release */ = {
			isa = XCBuildConfiguration;
			buildSettings = {
				ALWAYS_SEARCH_USER_PATHS = NO;
				ASSETCATALOG_COMPILER_GENERATE_SWIFT_ASSET_SYMBOL_EXTENSIONS = YES;
				CLANG_ANALYZER_NONNULL = YES;
				CLANG_ANALYZER_NUMBER_OBJECT_CONVERSION = YES_AGGRESSIVE;
				CLANG_CXX_LANGUAGE_STANDARD = "gnu++20";
				CLANG_ENABLE_MODULES = YES;
				CLANG_ENABLE_OBJC_ARC = YES;
				CLANG_ENABLE_OBJC_WEAK = YES;
				CLANG_WARN_BLOCK_CAPTURE_AUTORELEASING = YES;
				CLANG_WARN_BOOL_CONVERSION = YES;
				CLANG_WARN_COMMA = YES;
				CLANG_WARN_CONSTANT_CONVERSION = YES;
				CLANG_WARN_DEPRECATED_OBJC_IMPLEMENTATIONS = YES;
				CLANG_WARN_DIRECT_OBJC_ISA_USAGE = YES_ERROR;
				CLANG_WARN_DOCUMENTATION_COMMENTS = YES;
				CLANG_WARN_EMPTY_BODY = YES;
				CLANG_WARN_ENUM_CONVERSION = YES;
				CLANG_WARN_INFINITE_RECURSION = YES;
				CLANG_WARN_INT_CONVERSION = YES;
				CLANG_WARN_NON_LITERAL_NULL_CONVERSION = YES;
				CLANG_WARN_OBJC_IMPLICIT_RETAIN_SELF = YES;
				CLANG_WARN_OBJC_LITERAL_CONVERSION = YES;
				CLANG_WARN_OBJC_ROOT_CLASS = YES_ERROR;
				CLANG_WARN_QUOTED_INCLUDE_IN_FRAMEWORK_HEADER = YES;
				CLANG_WARN_RANGE_LOOP_ANALYSIS = YES;
				CLANG_WARN_STRICT_PROTOTYPES = YES;
				CLANG_WARN_SUSPICIOUS_MOVE = YES;
				CLANG_WARN_UNGUARDED_AVAILABILITY = YES_AGGRESSIVE;
				CLANG_WARN_UNREACHABLE_CODE = YES;
				CLANG_WARN__DUPLICATE_METHOD_MATCH = YES;
				COPY_PHASE_STRIP = NO;
				DEBUG_INFORMATION_FORMAT = "dwarf-with-dsym";
				DEVELOPMENT_TEAM = 52VNNZ4G6R;
				ENABLE_NS_ASSERTIONS = NO;
				ENABLE_STRICT_OBJC_MSGSEND = YES;
				ENABLE_USER_SCRIPT_SANDBOXING = YES;
				GCC_C_LANGUAGE_STANDARD = gnu17;
				GCC_NO_COMMON_BLOCKS = YES;
				GCC_WARN_64_TO_32_BIT_CONVERSION = YES;
				GCC_WARN_ABOUT_RETURN_TYPE = YES_ERROR;
				GCC_WARN_UNDECLARED_SELECTOR = YES;
				GCC_WARN_UNINITIALIZED_AUTOS = YES_AGGRESSIVE;
				GCC_WARN_UNUSED_FUNCTION = YES;
				GCC_WARN_UNUSED_VARIABLE = YES;
				IPHONEOS_DEPLOYMENT_TARGET = 26.2;
				LOCALIZATION_PREFERS_STRING_CATALOGS = YES;
				MTL_ENABLE_DEBUG_INFO = NO;
				MTL_FAST_MATH = YES;
				SDKROOT = iphoneos;
				SWIFT_COMPILATION_MODE = wholemodule;
				VALIDATE_PRODUCT = YES;
			};
			name = Release;
		};
		EE8A510F2F4E3C6700B70EF9 /* Debug */ = {
			isa = XCBuildConfiguration;
			buildSettings = {
				ASSETCATALOG_COMPILER_APPICON_NAME = AppIcon;
				ASSETCATALOG_COMPILER_GLOBAL_ACCENT_COLOR_NAME = AccentColor;
				CODE_SIGN_STYLE = Automatic;
				CURRENT_PROJECT_VERSION = 1;
				DEVELOPMENT_TEAM = 52VNNZ4G6R;
				ENABLE_PREVIEWS = YES;
				GENERATE_INFOPLIST_FILE = YES;
				INFOPLIST_KEY_NSBluetoothAlwaysUsageDescription = "SleepLight uses Bluetooth to control your light.";
				INFOPLIST_KEY_UIApplicationSceneManifest_Generation = YES;
				INFOPLIST_KEY_UIApplicationSupportsIndirectInputEvents = YES;
				INFOPLIST_KEY_UILaunchScreen_Generation = YES;
				INFOPLIST_KEY_UISupportedInterfaceOrientations_iPad = "UIInterfaceOrientationPortrait UIInterfaceOrientationPortraitUpsideDown UIInterfaceOrientationLandscapeLeft UIInterfaceOrientationLandscapeRight";
				INFOPLIST_KEY_UISupportedInterfaceOrientations_iPhone = "UIInterfaceOrientationPortrait UIInterfaceOrientationLandscapeLeft UIInterfaceOrientationLandscapeRight";
				IPHONEOS_DEPLOYMENT_TARGET = 18.6;
				LD_RUNPATH_SEARCH_PATHS = (
					"$(inherited)",
					"@executable_path/Frameworks",
				);
				MARKETING_VERSION = 1.0;
				PRODUCT_BUNDLE_IDENTIFIER = clarkmccauley.SleepLight;
				PRODUCT_NAME = "$(TARGET_NAME)";
				STRING_CATALOG_GENERATE_SYMBOLS = YES;
				SWIFT_APPROACHABLE_CONCURRENCY = YES;
				SWIFT_DEFAULT_ACTOR_ISOLATION = MainActor;
				SWIFT_EMIT_LOC_STRINGS = YES;
				SWIFT_UPCOMING_FEATURE_MEMBER_IMPORT_VISIBILITY = YES;
				SWIFT_VERSION = 5.0;
				TARGETED_DEVICE_FAMILY = "1,2";
			};
			name = Debug;
		};
		EE8A51102F4E3C6700B70EF9 /* Release */ = {
			isa = XCBuildConfiguration;
			buildSettings = {
				ASSETCATALOG_COMPILER_APPICON_NAME = AppIcon;
				ASSETCATALOG_COMPILER_GLOBAL_ACCENT_COLOR_NAME = AccentColor;
				CODE_SIGN_STYLE = Automatic;
				CURRENT_PROJECT_VERSION = 1;
				DEVELOPMENT_TEAM = 52VNNZ4G6R;
				ENABLE_PREVIEWS = YES;
				GENERATE_INFOPLIST_FILE = YES;
				INFOPLIST_KEY_NSBluetoothAlwaysUsageDescription = "SleepLight uses Bluetooth to control your light.";
				INFOPLIST_KEY_UIApplicationSceneManifest_Generation = YES;
				INFOPLIST_KEY_UIApplicationSupportsIndirectInputEvents = YES;
				INFOPLIST_KEY_UILaunchScreen_Generation = YES;
				INFOPLIST_KEY_UISupportedInterfaceOrientations_iPad = "UIInterfaceOrientationPortrait UIInterfaceOrientationPortraitUpsideDown UIInterfaceOrientationLandscapeLeft UIInterfaceOrientationLandscapeRight";
				INFOPLIST_KEY_UISupportedInterfaceOrientations_iPhone = "UIInterfaceOrientationPortrait UIInterfaceOrientationLandscapeLeft UIInterfaceOrientationLandscapeRight";
				IPHONEOS_DEPLOYMENT_TARGET = 18.6;
				LD_RUNPATH_SEARCH_PATHS = (
					"$(inherited)",
					"@executable_path/Frameworks",
				);
				MARKETING_VERSION = 1.0;
				PRODUCT_BUNDLE_IDENTIFIER = clarkmccauley.SleepLight;
				PRODUCT_NAME = "$(TARGET_NAME)";
				STRING_CATALOG_GENERATE_SYMBOLS = YES;
				SWIFT_APPROACHABLE_CONCURRENCY = YES;
				SWIFT_DEFAULT_ACTOR_ISOLATION = MainActor;
				SWIFT_EMIT_LOC_STRINGS = YES;
				SWIFT_UPCOMING_FEATURE_MEMBER_IMPORT_VISIBILITY = YES;
				SWIFT_VERSION = 5.0;
				TARGETED_DEVICE_FAMILY = "1,2";
			};
			name = Release;
		};
		EE8A51122F4E3C6700B70EF9 /* Debug */ = {
			isa = XCBuildConfiguration;
			buildSettings = {
				BUNDLE_LOADER = "$(TEST_HOST)";
				CODE_SIGN_STYLE = Automatic;
				CURRENT_PROJECT_VERSION = 1;
				DEVELOPMENT_TEAM = 52VNNZ4G6R;
				GENERATE_INFOPLIST_FILE = YES;
				IPHONEOS_DEPLOYMENT_TARGET = 26.2;
				MARKETING_VERSION = 1.0;
				PRODUCT_BUNDLE_IDENTIFIER = clarkmccauley.SleepLightTests;
				PRODUCT_NAME = "$(TARGET_NAME)";
				STRING_CATALOG_GENERATE_SYMBOLS = NO;
				SWIFT_APPROACHABLE_CONCURRENCY = YES;
				SWIFT_EMIT_LOC_STRINGS = NO;
				SWIFT_UPCOMING_FEATURE_MEMBER_IMPORT_VISIBILITY = YES;
				SWIFT_VERSION = 5.0;
				TARGETED_DEVICE_FAMILY = "1,2";
				TEST_HOST = "$(BUILT_PRODUCTS_DIR)/SleepLight.app/$(BUNDLE_EXECUTABLE_FOLDER_PATH)/SleepLight";
			};
			name = Debug;
		};
		EE8A51132F4E3C6700B70EF9 /* Release */ = {
			isa = XCBuildConfiguration;
			buildSettings = {
				BUNDLE_LOADER = "$(TEST_HOST)";
				CODE_SIGN_STYLE = Automatic;
				CURRENT_PROJECT_VERSION = 1;
				DEVELOPMENT_TEAM = 52VNNZ4G6R;
				GENERATE_INFOPLIST_FILE = YES;
				IPHONEOS_DEPLOYMENT_TARGET = 26.2;
				MARKETING_VERSION = 1.0;
				PRODUCT_BUNDLE_IDENTIFIER = clarkmccauley.SleepLightTests;
				PRODUCT_NAME = "$(TARGET_NAME)";
				STRING_CATALOG_GENERATE_SYMBOLS = NO;
				SWIFT_APPROACHABLE_CONCURRENCY = YES;
				SWIFT_EMIT_LOC_STRINGS = NO;
				SWIFT_UPCOMING_FEATURE_MEMBER_IMPORT_VISIBILITY = YES;
				SWIFT_VERSION = 5.0;
				TARGETED_DEVICE_FAMILY = "1,2";
				TEST_HOST = "$(BUILT_PRODUCTS_DIR)/SleepLight.app/$(BUNDLE_EXECUTABLE_FOLDER_PATH)/SleepLight";
			};
			name = Release;
		};
		EE8A51152F4E3C6700B70EF9 /* Debug */ = {
			isa = XCBuildConfiguration;
			buildSettings = {
				CODE_SIGN_STYLE = Automatic;
				CURRENT_PROJECT_VERSION = 1;
				DEVELOPMENT_TEAM = 52VNNZ4G6R;
				GENERATE_INFOPLIST_FILE = YES;
				MARKETING_VERSION = 1.0;
				PRODUCT_BUNDLE_IDENTIFIER = clarkmccauley.SleepLightUITests;
				PRODUCT_NAME = "$(TARGET_NAME)";
				STRING_CATALOG_GENERATE_SYMBOLS = NO;
				SWIFT_APPROACHABLE_CONCURRENCY = YES;
				SWIFT_EMIT_LOC_STRINGS = NO;
				SWIFT_UPCOMING_FEATURE_MEMBER_IMPORT_VISIBILITY = YES;
				SWIFT_VERSION = 5.0;
				TARGETED_DEVICE_FAMILY = "1,2";
				TEST_TARGET_NAME = SleepLight;
			};
			name = Debug;
		};
		EE8A51162F4E3C6700B70EF9 /* Release */ = {
			isa = XCBuildConfiguration;
			buildSettings = {
				CODE_SIGN_STYLE = Automatic;
				CURRENT_PROJECT_VERSION = 1;
				DEVELOPMENT_TEAM = 52VNNZ4G6R;
				GENERATE_INFOPLIST_FILE = YES;
				MARKETING_VERSION = 1.0;
				PRODUCT_BUNDLE_IDENTIFIER = clarkmccauley.SleepLightUITests;
				PRODUCT_NAME = "$(TARGET_NAME)";
				STRING_CATALOG_GENERATE_SYMBOLS = NO;
				SWIFT_APPROACHABLE_CONCURRENCY = YES;
				SWIFT_EMIT_LOC_STRINGS = NO;
				SWIFT_UPCOMING_FEATURE_MEMBER_IMPORT_VISIBILITY = YES;
				SWIFT_VERSION = 5.0;
				TARGETED_DEVICE_FAMILY = "1,2";
				TEST_TARGET_NAME = SleepLight;
			};
			name = Release;
		};
/* End XCBuildConfiguration section */

/* Begin XCConfigurationList section */
		EE8A50E62F4E3C6600B70EF9 /* Build configuration list for PBXProject "SleepLight" */ = {
			isa = XCConfigurationList;
			buildConfigurations = (
				EE8A510C2F4E3C6700B70EF9 /* Debug */,
				EE8A510D2F4E3C6700B70EF9 /* Release */,
			);
			defaultConfigurationIsVisible = 0;
			defaultConfigurationName = Release;
		};
		EE8A510E2F4E3C6700B70EF9 /* Build configuration list for PBXNativeTarget "SleepLight" */ = {
			isa = XCConfigurationList;
			buildConfigurations = (
				EE8A510F2F4E3C6700B70EF9 /* Debug */,
				EE8A51102F4E3C6700B70EF9 /* Release */,
			);
			defaultConfigurationIsVisible = 0;
			defaultConfigurationName = Release;
		};
		EE8A51112F4E3C6700B70EF9 /* Build configuration list for PBXNativeTarget "SleepLightTests" */ = {
			isa = XCConfigurationList;
			buildConfigurations = (
				EE8A51122F4E3C6700B70EF9 /* Debug */,
				EE8A51132F4E3C6700B70EF9 /* Release */,
			);
			defaultConfigurationIsVisible = 0;
			defaultConfigurationName = Release;
		};
		EE8A51142F4E3C6700B70EF9 /* Build configuration list for PBXNativeTarget "SleepLightUITests" */ = {
			isa = XCConfigurationList;
			buildConfigurations = (
				EE8A51152F4E3C6700B70EF9 /* Debug */,
				EE8A51162F4E3C6700B70EF9 /* Release */,
			);
			defaultConfigurationIsVisible = 0;
			defaultConfigurationName = Release;
		};
/* End XCConfigurationList section */

/* Begin XCRemoteSwiftPackageReference section */
		AA000001AA000001AA000001 /* XCRemoteSwiftPackageReference "FlexColorPicker" */ = {
			isa = XCRemoteSwiftPackageReference;
			repositoryURL = "https://github.com/RastislavMirek/FlexColorPicker";
			requirement = {
				kind = upToNextMajorVersion;
				minimumVersion = 1.4.4;
			};
		};
/* End XCRemoteSwiftPackageReference section */

/* Begin XCSwiftPackageProductDependency section */
		AA000001AA000001AA000002 /* FlexColorPicker */ = {
			isa = XCSwiftPackageProductDependency;
			package = AA000001AA000001AA000001 /* XCRemoteSwiftPackageReference "FlexColorPicker" */;
			productName = FlexColorPicker;
		};
/* End XCSwiftPackageProductDependency section */
	};
	rootObject = EE8A50E32F4E3C6600B70EF9 /* Project object */;
}
